
Microsoft Visual Studio Solution File, Format Version 12.00
# Visual Studio 15
VisualStudioVersion = 15.0.28010.2016
MinimumVisualStudioVersion = 10.0.40219.1
Project("{FAE04EC0-301F-11D3-BF4B-00C04F79EFBC}") = "Deploy", "Deploy\Deploy.csproj", "{B2A13361-31A5-46CD-B507-4519EFB51CCE}"
EndProject
Global
	GlobalSection(SolutionConfigurationPlatforms) = preSolution
		Debug|Any CPU = Debug|Any CPU
		Release|Any CPU = Release|Any CPU
	EndGlobalSection
	GlobalSection(ProjectConfigurationPlatforms) = postSolution
		{B2A13361-31A5-46CD-B507-4519EFB51CCE}.Debug|Any CPU.ActiveCfg = Debug|Any CPU
		{B2A13361-31A5-46CD-B507-4519EFB51CCE}.Debug|Any CPU.Build.0 = Debug|Any CPU
		{B2A13361-31A5-46CD-B507-4519EFB51CCE}.Release|Any CPU.ActiveCfg = Release|Any CPU
		{B2A13361-31A5-46CD-B507-4519EFB51CCE}.Release|Any CPU.Build.0 = Release|Any CPU
	EndGlobalSection
	GlobalSection(SolutionProperties) = preSolution
		HideSolutionNode = FALSE
	EndGlobalSection
	GlobalSection(ExtensibilityGlobals) = postSolution
		SolutionGuid = {2D985C83-5098-4503-9EF0-52D28936C06C}
	EndGlobalSection
EndGlobal
